
Microsoft Visual Studio Solution File, Format Version 12.00
# Visual Studio Version 17
VisualStudioVersion = 17.0.31815.197
MinimumVisualStudioVersion = 10.0.40219.1
Project("{2150E333-8FDC-42A3-9474-1A3956D46DE8}") = "src", "src", "{106AE906-5075-410A-B941-912F811848EE}"
EndProject
Project("{2150E333-8FDC-42A3-9474-1A3956D46DE8}") = "tests", "tests", "{B31B4797-1D9F-4288-808C-BE9A31A98C7D}"
EndProject
Project("{9A19103F-16F7-4668-BE54-9A1E7A4F7556}") = "VendingMachine.CleanArchitecture.Core", "src\VendingMachine.CleanArchitecture.Core\VendingMachine.CleanArchitecture.Core.csproj", "{4548EB20-1D1B-477B-AF6E-DD55653A6583}"
EndProject
Project("{9A19103F-16F7-4668-BE54-9A1E7A4F7556}") = "VendingMachine.CleanArchitecture.Infrastructure", "src\VendingMachine.CleanArchitecture.Infrastructure\VendingMachine.CleanArchitecture.Infrastructure.csproj", "{220361D6-9C76-4E3F-BD34-3C7B50E2CA4D}"
EndProject
Project("{2150E333-8FDC-42A3-9474-1A3956D46DE8}") = "Solution Items", "Solution Items", "{250F283E-FE2F-4BBD-9E63-A2265B84E23F}"
	ProjectSection(SolutionItems) = preProject
		.editorconfig = .editorconfig
	EndProjectSection
EndProject
Project("{9A19103F-16F7-4668-BE54-9A1E7A4F7556}") = "VendingMachine.CleanArchitecture.IntegrationTests", "tests\VendingMachine.CleanArchitecture.IntegrationTests\VendingMachine.CleanArchitecture.IntegrationTests.csproj", "{0776DC14-9000-47A4-A3F4-ECBCF8CEBC17}"
	ProjectSection(ProjectDependencies) = postProject
		{220361D6-9C76-4E3F-BD34-3C7B50E2CA4D} = {220361D6-9C76-4E3F-BD34-3C7B50E2CA4D}
	EndProjectSection
EndProject
Project("{9A19103F-16F7-4668-BE54-9A1E7A4F7556}") = "VendingMachine.CleanArchitecture.SharedKernel", "src\VendingMachine.CleanArchitecture.SharedKernel\VendingMachine.CleanArchitecture.SharedKernel.csproj", "{744AD1DC-E83E-4ACE-BE57-395395D6E357}"
EndProject
Project("{9A19103F-16F7-4668-BE54-9A1E7A4F7556}") = "VendingMachine.CleanArchitecture.UnitTests", "tests\VendingMachine.CleanArchitecture.UnitTests\VendingMachine.CleanArchitecture.UnitTests.csproj", "{1DC7F5A0-DDF7-4975-84EB-05F4FC1B6AB5}"
EndProject
Project("{9A19103F-16F7-4668-BE54-9A1E7A4F7556}") = "VendingMachine.CleanArchitecture.Console", "src\VendingMachine.CleanArchitecture.Console\VendingMachine.CleanArchitecture.Console.csproj", "{6A7D8BC4-066E-4458-8B4E-1CA23E80B57D}"
EndProject
Project("{9A19103F-16F7-4668-BE54-9A1E7A4F7556}") = "VendingMachine.CleanArchitecture.Application", "src\VendingMachine.CleanArchitecture.Application\VendingMachine.CleanArchitecture.Application.csproj", "{83298D66-32FC-4DC0-B1A9-4964D213C9B4}"
EndProject
Global
	GlobalSection(SolutionConfigurationPlatforms) = preSolution
		Debug|Any CPU = Debug|Any CPU
		Debug|x64 = Debug|x64
		Debug|x86 = Debug|x86
		Release|Any CPU = Release|Any CPU
		Release|x64 = Release|x64
		Release|x86 = Release|x86
	EndGlobalSection
	GlobalSection(ProjectConfigurationPlatforms) = postSolution
		{4548EB20-1D1B-477B-AF6E-DD55653A6583}.Debug|Any CPU.ActiveCfg = Debug|Any CPU
		{4548EB20-1D1B-477B-AF6E-DD55653A6583}.Debug|Any CPU.Build.0 = Debug|Any CPU
		{4548EB20-1D1B-477B-AF6E-DD55653A6583}.Debug|x64.ActiveCfg = Debug|Any CPU
		{4548EB20-1D1B-477B-AF6E-DD55653A6583}.Debug|x64.Build.0 = Debug|Any CPU
		{4548EB20-1D1B-477B-AF6E-DD55653A6583}.Debug|x86.ActiveCfg = Debug|Any CPU
		{4548EB20-1D1B-477B-AF6E-DD55653A6583}.Debug|x86.Build.0 = Debug|Any CPU
		{4548EB20-1D1B-477B-AF6E-DD55653A6583}.Release|Any CPU.ActiveCfg = Release|Any CPU
		{4548EB20-1D1B-477B-AF6E-DD55653A6583}.Release|Any CPU.Build.0 = Release|Any CPU
		{4548EB20-1D1B-477B-AF6E-DD55653A6583}.Release|x64.ActiveCfg = Release|Any CPU
		{4548EB20-1D1B-477B-AF6E-DD55653A6583}.Release|x64.Build.0 = Release|Any CPU
		{4548EB20-1D1B-477B-AF6E-DD55653A6583}.Release|x86.ActiveCfg = Release|Any CPU
		{4548EB20-1D1B-477B-AF6E-DD55653A6583}.Release|x86.Build.0 = Release|Any CPU
		{220361D6-9C76-4E3F-BD34-3C7B50E2CA4D}.Debug|Any CPU.ActiveCfg = Debug|Any CPU
		{220361D6-9C76-4E3F-BD34-3C7B50E2CA4D}.Debug|Any CPU.Build.0 = Debug|Any CPU
		{220361D6-9C76-4E3F-BD34-3C7B50E2CA4D}.Debug|x64.ActiveCfg = Debug|Any CPU
		{220361D6-9C76-4E3F-BD34-3C7B50E2CA4D}.Debug|x64.Build.0 = Debug|Any CPU
		{220361D6-9C76-4E3F-BD34-3C7B50E2CA4D}.Debug|x86.ActiveCfg = Debug|Any CPU
		{220361D6-9C76-4E3F-BD34-3C7B50E2CA4D}.Debug|x86.Build.0 = Debug|Any CPU
		{220361D6-9C76-4E3F-BD34-3C7B50E2CA4D}.Release|Any CPU.ActiveCfg = Release|Any CPU
		{220361D6-9C76-4E3F-BD34-3C7B50E2CA4D}.Release|Any CPU.Build.0 = Release|Any CPU
		{220361D6-9C76-4E3F-BD34-3C7B50E2CA4D}.Release|x64.ActiveCfg = Release|Any CPU
		{220361D6-9C76-4E3F-BD34-3C7B50E2CA4D}.Release|x64.Build.0 = Release|Any CPU
		{220361D6-9C76-4E3F-BD34-3C7B50E2CA4D}.Release|x86.ActiveCfg = Release|Any CPU
		{220361D6-9C76-4E3F-BD34-3C7B50E2CA4D}.Release|x86.Build.0 = Release|Any CPU
		{0776DC14-9000-47A4-A3F4-ECBCF8CEBC17}.Debug|Any CPU.ActiveCfg = Debug|Any CPU
		{0776DC14-9000-47A4-A3F4-ECBCF8CEBC17}.Debug|Any CPU.Build.0 = Debug|Any CPU
		{0776DC14-9000-47A4-A3F4-ECBCF8CEBC17}.Debug|x64.ActiveCfg = Debug|Any CPU
		{0776DC14-9000-47A4-A3F4-ECBCF8CEBC17}.Debug|x64.Build.0 = Debug|Any CPU
		{0776DC14-9000-47A4-A3F4-ECBCF8CEBC17}.Debug|x86.ActiveCfg = Debug|Any CPU
		{0776DC14-9000-47A4-A3F4-ECBCF8CEBC17}.Debug|x86.Build.0 = Debug|Any CPU
		{0776DC14-9000-47A4-A3F4-ECBCF8CEBC17}.Release|Any CPU.ActiveCfg = Release|Any CPU
		{0776DC14-9000-47A4-A3F4-ECBCF8CEBC17}.Release|Any CPU.Build.0 = Release|Any CPU
		{0776DC14-9000-47A4-A3F4-ECBCF8CEBC17}.Release|x64.ActiveCfg = Release|Any CPU
		{0776DC14-9000-47A4-A3F4-ECBCF8CEBC17}.Release|x64.Build.0 = Release|Any CPU
		{0776DC14-9000-47A4-A3F4-ECBCF8CEBC17}.Release|x86.ActiveCfg = Release|Any CPU
		{0776DC14-9000-47A4-A3F4-ECBCF8CEBC17}.Release|x86.Build.0 = Release|Any CPU
		{744AD1DC-E83E-4ACE-BE57-395395D6E357}.Debug|Any CPU.ActiveCfg = Debug|Any CPU
		{744AD1DC-E83E-4ACE-BE57-395395D6E357}.Debug|Any CPU.Build.0 = Debug|Any CPU
		{744AD1DC-E83E-4ACE-BE57-395395D6E357}.Debug|x64.ActiveCfg = Debug|Any CPU
		{744AD1DC-E83E-4ACE-BE57-395395D6E357}.Debug|x64.Build.0 = Debug|Any CPU
		{744AD1DC-E83E-4ACE-BE57-395395D6E357}.Debug|x86.ActiveCfg = Debug|Any CPU
		{744AD1DC-E83E-4ACE-BE57-395395D6E357}.Debug|x86.Build.0 = Debug|Any CPU
		{744AD1DC-E83E-4ACE-BE57-395395D6E357}.Release|Any CPU.ActiveCfg = Release|Any CPU
		{744AD1DC-E83E-4ACE-BE57-395395D6E357}.Release|Any CPU.Build.0 = Release|Any CPU
		{744AD1DC-E83E-4ACE-BE57-395395D6E357}.Release|x64.ActiveCfg = Release|Any CPU
		{744AD1DC-E83E-4ACE-BE57-395395D6E357}.Release|x64.Build.0 = Release|Any CPU
		{744AD1DC-E83E-4ACE-BE57-395395D6E357}.Release|x86.ActiveCfg = Release|Any CPU
		{744AD1DC-E83E-4ACE-BE57-395395D6E357}.Release|x86.Build.0 = Release|Any CPU
		{1DC7F5A0-DDF7-4975-84EB-05F4FC1B6AB5}.Debug|Any CPU.ActiveCfg = Debug|Any CPU
		{1DC7F5A0-DDF7-4975-84EB-05F4FC1B6AB5}.Debug|Any CPU.Build.0 = Debug|Any CPU
		{1DC7F5A0-DDF7-4975-84EB-05F4FC1B6AB5}.Debug|x64.ActiveCfg = Debug|Any CPU
		{1DC7F5A0-DDF7-4975-84EB-05F4FC1B6AB5}.Debug|x64.Build.0 = Debug|Any CPU
		{1DC7F5A0-DDF7-4975-84EB-05F4FC1B6AB5}.Debug|x86.ActiveCfg = Debug|Any CPU
		{1DC7F5A0-DDF7-4975-84EB-05F4FC1B6AB5}.Debug|x86.Build.0 = Debug|Any CPU
		{1DC7F5A0-DDF7-4975-84EB-05F4FC1B6AB5}.Release|Any CPU.ActiveCfg = Release|Any CPU
		{1DC7F5A0-DDF7-4975-84EB-05F4FC1B6AB5}.Release|Any CPU.Build.0 = Release|Any CPU
		{1DC7F5A0-DDF7-4975-84EB-05F4FC1B6AB5}.Release|x64.ActiveCfg = Release|Any CPU
		{1DC7F5A0-DDF7-4975-84EB-05F4FC1B6AB5}.Release|x64.Build.0 = Release|Any CPU
		{1DC7F5A0-DDF7-4975-84EB-05F4FC1B6AB5}.Release|x86.ActiveCfg = Release|Any CPU
		{1DC7F5A0-DDF7-4975-84EB-05F4FC1B6AB5}.Release|x86.Build.0 = Release|Any CPU
		{6A7D8BC4-066E-4458-8B4E-1CA23E80B57D}.Debug|Any CPU.ActiveCfg = Debug|Any CPU
		{6A7D8BC4-066E-4458-8B4E-1CA23E80B57D}.Debug|Any CPU.Build.0 = Debug|Any CPU
		{6A7D8BC4-066E-4458-8B4E-1CA23E80B57D}.Debug|x64.ActiveCfg = Debug|Any CPU
		{6A7D8BC4-066E-4458-8B4E-1CA23E80B57D}.Debug|x64.Build.0 = Debug|Any CPU
		{6A7D8BC4-066E-4458-8B4E-1CA23E80B57D}.Debug|x86.ActiveCfg = Debug|Any CPU
		{6A7D8BC4-066E-4458-8B4E-1CA23E80B57D}.Debug|x86.Build.0 = Debug|Any CPU
		{6A7D8BC4-066E-4458-8B4E-1CA23E80B57D}.Release|Any CPU.ActiveCfg = Release|Any CPU
		{6A7D8BC4-066E-4458-8B4E-1CA23E80B57D}.Release|Any CPU.Build.0 = Release|Any CPU
		{6A7D8BC4-066E-4458-8B4E-1CA23E80B57D}.Release|x64.ActiveCfg = Release|Any CPU
		{6A7D8BC4-066E-4458-8B4E-1CA23E80B57D}.Release|x64.Build.0 = Release|Any CPU
		{6A7D8BC4-066E-4458-8B4E-1CA23E80B57D}.Release|x86.ActiveCfg = Release|Any CPU
		{6A7D8BC4-066E-4458-8B4E-1CA23E80B57D}.Release|x86.Build.0 = Release|Any CPU
		{83298D66-32FC-4DC0-B1A9-4964D213C9B4}.Debug|Any CPU.ActiveCfg = Debug|Any CPU
		{83298D66-32FC-4DC0-B1A9-4964D213C9B4}.Debug|Any CPU.Build.0 = Debug|Any CPU
		{83298D66-32FC-4DC0-B1A9-4964D213C9B4}.Debug|x64.ActiveCfg = Debug|Any CPU
		{83298D66-32FC-4DC0-B1A9-4964D213C9B4}.Debug|x64.Build.0 = Debug|Any CPU
		{83298D66-32FC-4DC0-B1A9-4964D213C9B4}.Debug|x86.ActiveCfg = Debug|Any CPU
		{83298D66-32FC-4DC0-B1A9-4964D213C9B4}.Debug|x86.Build.0 = Debug|Any CPU
		{83298D66-32FC-4DC0-B1A9-4964D213C9B4}.Release|Any CPU.ActiveCfg = Release|Any CPU
		{83298D66-32FC-4DC0-B1A9-4964D213C9B4}.Release|Any CPU.Build.0 = Release|Any CPU
		{83298D66-32FC-4DC0-B1A9-4964D213C9B4}.Release|x64.ActiveCfg = Release|Any CPU
		{83298D66-32FC-4DC0-B1A9-4964D213C9B4}.Release|x64.Build.0 = Release|Any CPU
		{83298D66-32FC-4DC0-B1A9-4964D213C9B4}.Release|x86.ActiveCfg = Release|Any CPU
		{83298D66-32FC-4DC0-B1A9-4964D213C9B4}.Release|x86.Build.0 = Release|Any CPU
	EndGlobalSection
	GlobalSection(SolutionProperties) = preSolution
		HideSolutionNode = FALSE
	EndGlobalSection
	GlobalSection(NestedProjects) = preSolution
		{4548EB20-1D1B-477B-AF6E-DD55653A6583} = {106AE906-5075-410A-B941-912F811848EE}
		{220361D6-9C76-4E3F-BD34-3C7B50E2CA4D} = {106AE906-5075-410A-B941-912F811848EE}
		{0776DC14-9000-47A4-A3F4-ECBCF8CEBC17} = {B31B4797-1D9F-4288-808C-BE9A31A98C7D}
		{744AD1DC-E83E-4ACE-BE57-395395D6E357} = {106AE906-5075-410A-B941-912F811848EE}
		{1DC7F5A0-DDF7-4975-84EB-05F4FC1B6AB5} = {B31B4797-1D9F-4288-808C-BE9A31A98C7D}
		{6A7D8BC4-066E-4458-8B4E-1CA23E80B57D} = {106AE906-5075-410A-B941-912F811848EE}
		{83298D66-32FC-4DC0-B1A9-4964D213C9B4} = {106AE906-5075-410A-B941-912F811848EE}
	EndGlobalSection
	GlobalSection(ExtensibilityGlobals) = postSolution
		SolutionGuid = {B0F19343-8185-4A9F-9165-0EA8544BC925}
	EndGlobalSection
EndGlobal
